
Microsoft Visual Studio Solution File, Format Version 12.00
# Visual Studio Version 17
VisualStudioVersion = 17.5.002.0
MinimumVisualStudioVersion = 10.0.40219.1
Project("{9A19103F-16F7-4668-BE54-9A1E7A4F7556}") = "consoleApp-Docker", "consoleApp-Docker.csproj", "{7C93329F-058B-4A16-B31F-E72F819CF091}"
EndProject
Global
	GlobalSection(SolutionConfigurationPlatforms) = preSolution
		Debug|Any CPU = Debug|Any CPU
		Release|Any CPU = Release|Any CPU
	EndGlobalSection
	GlobalSection(ProjectConfigurationPlatforms) = postSolution
		{7C93329F-058B-4A16-B31F-E72F819CF091}.Debug|Any CPU.ActiveCfg = Debug|Any CPU
		{7C93329F-058B-4A16-B31F-E72F819CF091}.Debug|Any CPU.Build.0 = Debug|Any CPU
		{7C93329F-058B-4A16-B31F-E72F819CF091}.Release|Any CPU.ActiveCfg = Release|Any CPU
		{7C93329F-058B-4A16-B31F-E72F819CF091}.Release|Any CPU.Build.0 = Release|Any CPU
	EndGlobalSection
	GlobalSection(SolutionProperties) = preSolution
		HideSolutionNode = FALSE
	EndGlobalSection
	GlobalSection(ExtensibilityGlobals) = postSolution
		SolutionGuid = {E34D4D09-ADBD-4AD8-98C3-76F6D499D0CB}
	EndGlobalSection
EndGlobal
